
Microsoft Visual Studio Solution File, Format Version 12.00
# Visual Studio Version 17
VisualStudioVersion = 17.2.32802.462
MinimumVisualStudioVersion = 15.0.26124.0
Project("{9A19103F-16F7-4668-BE54-9A1E7A4F7556}") = "ScreenProcess", "ScreenProcess\ScreenProcess.csproj", "{3B3A0E2E-528E-4A69-8816-428B7F55F785}"
EndProject
Project("{9A19103F-16F7-4668-BE54-9A1E7A4F7556}") = "Screen.Symbols", "Screen.Symbols\Screen.Symbols.csproj", "{B3442B8F-6214-442C-BDCB-7A7CA12D9060}"
EndProject
Project("{9A19103F-16F7-4668-BE54-9A1E7A4F7556}") = "Screen.Ticks", "ScreenTicks\Screen.Ticks.csproj", "{B2D6DB16-86ED-4C4F-8EBA-3A1C2838C5D6}"
EndProject
Project("{9A19103F-16F7-4668-BE54-9A1E7A4F7556}") = "Screen.Indicator", "Screen.Indicator\Screen.Indicator.csproj", "{26C92353-9E27-4585-867D-23C5E4D7ED24}"
EndProject
Project("{9A19103F-16F7-4668-BE54-9A1E7A4F7556}") = "Screen.Scan", "Screen.Scan\Screen.Scan.csproj", "{C1293FCC-EB9B-4972-B260-55831C90FFD4}"
EndProject
Project("{9A19103F-16F7-4668-BE54-9A1E7A4F7556}") = "Screen.Test", "Screen.Test\Screen.Test.csproj", "{AEA3FCAC-501F-4801-9713-A5C9E260BD48}"
EndProject
Project("{9A19103F-16F7-4668-BE54-9A1E7A4F7556}") = "Screen.Utils", "Screen.Utils\Screen.Utils.csproj", "{18C036A7-C4E9-43D0-B3F0-2A07AD6815CE}"
EndProject
Project("{9A19103F-16F7-4668-BE54-9A1E7A4F7556}") = "Screen.Entity", "Screen.Entity\Screen.Entity.csproj", "{11D15564-DBBD-4075-AD4C-43148587C45F}"
EndProject
Project("{9A19103F-16F7-4668-BE54-9A1E7A4F7556}") = "Screen.Shared", "Screen.Shared\Screen.Shared.csproj", "{608C5B74-57E1-433F-B202-29182E71709B}"
EndProject
Project("{2150E333-8FDC-42A3-9474-1A3956D46DE8}") = "resources", "resources", "{7551364A-0497-496B-8BA1-168B37005858}"
	ProjectSection(SolutionItems) = preProject
		.gitignore = .gitignore
	EndProjectSection
EndProject
Project("{2150E333-8FDC-42A3-9474-1A3956D46DE8}") = "deploy", "deploy", "{9179E9AF-EEC4-4D64-B143-CFFF7851723F}"
	ProjectSection(SolutionItems) = preProject
		resources\deploy\build.sh = resources\deploy\build.sh
		resources\deploy\Dockerfile = resources\deploy\Dockerfile
	EndProjectSection
EndProject
Project("{9A19103F-16F7-4668-BE54-9A1E7A4F7556}") = "Screen.ProcessFunction", "Screen.ProcessFunction\Screen.ProcessFunction.csproj", "{D8C78456-C913-409F-9EF6-014489FB3B92}"
EndProject
Project("{2150E333-8FDC-42A3-9474-1A3956D46DE8}") = "Solution Items", "Solution Items", "{D492324C-E12E-47DD-8398-5DFEDC578F43}"
	ProjectSection(SolutionItems) = preProject
		README.md = README.md
	EndProjectSection
EndProject
Project("{9A19103F-16F7-4668-BE54-9A1E7A4F7556}") = "Screen.Notification", "Screen.Notification\Screen.Notification.csproj", "{BE4A66D1-A370-4359-951A-876E95819298}"
EndProject
Project("{9A19103F-16F7-4668-BE54-9A1E7A4F7556}") = "Screen.Access", "Screen.Access\Screen.Access.csproj", "{C59E3D4D-3DD4-4423-A2C3-1FA08705B119}"
EndProject
Project("{2150E333-8FDC-42A3-9474-1A3956D46DE8}") = "workflow", "workflow", "{122CB960-E911-4AAE-9E1C-C16DD949DB39}"
	ProjectSection(SolutionItems) = preProject
		.github\workflows\main_screen4processfunctionmain.yml = .github\workflows\main_screen4processfunctionmain.yml
		.github\workflows\main_screen4processfunctionmain2.yml = .github\workflows\main_screen4processfunctionmain2.yml
	EndProjectSection
EndProject
Project("{2150E333-8FDC-42A3-9474-1A3956D46DE8}") = "etoro", "etoro", "{BA50B499-9B4C-4F8E-B781-36644D4204EF}"
	ProjectSection(SolutionItems) = preProject
		etoro\etoro_instruments_loader.py = etoro\etoro_instruments_loader.py
		etoro\etoro_list.csv = etoro\etoro_list.csv
	EndProjectSection
EndProject
Global
	GlobalSection(SolutionConfigurationPlatforms) = preSolution
		Debug|Any CPU = Debug|Any CPU
		Debug|x64 = Debug|x64
		Debug|x86 = Debug|x86
		Release|Any CPU = Release|Any CPU
		Release|x64 = Release|x64
		Release|x86 = Release|x86
	EndGlobalSection
	GlobalSection(ProjectConfigurationPlatforms) = postSolution
		{3B3A0E2E-528E-4A69-8816-428B7F55F785}.Debug|Any CPU.ActiveCfg = Debug|Any CPU
		{3B3A0E2E-528E-4A69-8816-428B7F55F785}.Debug|Any CPU.Build.0 = Debug|Any CPU
		{3B3A0E2E-528E-4A69-8816-428B7F55F785}.Debug|x64.ActiveCfg = Debug|Any CPU
		{3B3A0E2E-528E-4A69-8816-428B7F55F785}.Debug|x64.Build.0 = Debug|Any CPU
		{3B3A0E2E-528E-4A69-8816-428B7F55F785}.Debug|x86.ActiveCfg = Debug|Any CPU
		{3B3A0E2E-528E-4A69-8816-428B7F55F785}.Debug|x86.Build.0 = Debug|Any CPU
		{3B3A0E2E-528E-4A69-8816-428B7F55F785}.Release|Any CPU.ActiveCfg = Release|Any CPU
		{3B3A0E2E-528E-4A69-8816-428B7F55F785}.Release|Any CPU.Build.0 = Release|Any CPU
		{3B3A0E2E-528E-4A69-8816-428B7F55F785}.Release|x64.ActiveCfg = Release|Any CPU
		{3B3A0E2E-528E-4A69-8816-428B7F55F785}.Release|x64.Build.0 = Release|Any CPU
		{3B3A0E2E-528E-4A69-8816-428B7F55F785}.Release|x86.ActiveCfg = Release|Any CPU
		{3B3A0E2E-528E-4A69-8816-428B7F55F785}.Release|x86.Build.0 = Release|Any CPU
		{B3442B8F-6214-442C-BDCB-7A7CA12D9060}.Debug|Any CPU.ActiveCfg = Debug|Any CPU
		{B3442B8F-6214-442C-BDCB-7A7CA12D9060}.Debug|Any CPU.Build.0 = Debug|Any CPU
		{B3442B8F-6214-442C-BDCB-7A7CA12D9060}.Debug|x64.ActiveCfg = Debug|Any CPU
		{B3442B8F-6214-442C-BDCB-7A7CA12D9060}.Debug|x64.Build.0 = Debug|Any CPU
		{B3442B8F-6214-442C-BDCB-7A7CA12D9060}.Debug|x86.ActiveCfg = Debug|Any CPU
		{B3442B8F-6214-442C-BDCB-7A7CA12D9060}.Debug|x86.Build.0 = Debug|Any CPU
		{B3442B8F-6214-442C-BDCB-7A7CA12D9060}.Release|Any CPU.ActiveCfg = Release|Any CPU
		{B3442B8F-6214-442C-BDCB-7A7CA12D9060}.Release|Any CPU.Build.0 = Release|Any CPU
		{B3442B8F-6214-442C-BDCB-7A7CA12D9060}.Release|x64.ActiveCfg = Release|Any CPU
		{B3442B8F-6214-442C-BDCB-7A7CA12D9060}.Release|x64.Build.0 = Release|Any CPU
		{B3442B8F-6214-442C-BDCB-7A7CA12D9060}.Release|x86.ActiveCfg = Release|Any CPU
		{B3442B8F-6214-442C-BDCB-7A7CA12D9060}.Release|x86.Build.0 = Release|Any CPU
		{B2D6DB16-86ED-4C4F-8EBA-3A1C2838C5D6}.Debug|Any CPU.ActiveCfg = Debug|Any CPU
		{B2D6DB16-86ED-4C4F-8EBA-3A1C2838C5D6}.Debug|Any CPU.Build.0 = Debug|Any CPU
		{B2D6DB16-86ED-4C4F-8EBA-3A1C2838C5D6}.Debug|x64.ActiveCfg = Debug|Any CPU
		{B2D6DB16-86ED-4C4F-8EBA-3A1C2838C5D6}.Debug|x64.Build.0 = Debug|Any CPU
		{B2D6DB16-86ED-4C4F-8EBA-3A1C2838C5D6}.Debug|x86.ActiveCfg = Debug|Any CPU
		{B2D6DB16-86ED-4C4F-8EBA-3A1C2838C5D6}.Debug|x86.Build.0 = Debug|Any CPU
		{B2D6DB16-86ED-4C4F-8EBA-3A1C2838C5D6}.Release|Any CPU.ActiveCfg = Release|Any CPU
		{B2D6DB16-86ED-4C4F-8EBA-3A1C2838C5D6}.Release|Any CPU.Build.0 = Release|Any CPU
		{B2D6DB16-86ED-4C4F-8EBA-3A1C2838C5D6}.Release|x64.ActiveCfg = Release|Any CPU
		{B2D6DB16-86ED-4C4F-8EBA-3A1C2838C5D6}.Release|x64.Build.0 = Release|Any CPU
		{B2D6DB16-86ED-4C4F-8EBA-3A1C2838C5D6}.Release|x86.ActiveCfg = Release|Any CPU
		{B2D6DB16-86ED-4C4F-8EBA-3A1C2838C5D6}.Release|x86.Build.0 = Release|Any CPU
		{26C92353-9E27-4585-867D-23C5E4D7ED24}.Debug|Any CPU.ActiveCfg = Debug|Any CPU
		{26C92353-9E27-4585-867D-23C5E4D7ED24}.Debug|Any CPU.Build.0 = Debug|Any CPU
		{26C92353-9E27-4585-867D-23C5E4D7ED24}.Debug|x64.ActiveCfg = Debug|Any CPU
		{26C92353-9E27-4585-867D-23C5E4D7ED24}.Debug|x64.Build.0 = Debug|Any CPU
		{26C92353-9E27-4585-867D-23C5E4D7ED24}.Debug|x86.ActiveCfg = Debug|Any CPU
		{26C92353-9E27-4585-867D-23C5E4D7ED24}.Debug|x86.Build.0 = Debug|Any CPU
		{26C92353-9E27-4585-867D-23C5E4D7ED24}.Release|Any CPU.ActiveCfg = Release|Any CPU
		{26C92353-9E27-4585-867D-23C5E4D7ED24}.Release|Any CPU.Build.0 = Release|Any CPU
		{26C92353-9E27-4585-867D-23C5E4D7ED24}.Release|x64.ActiveCfg = Release|Any CPU
		{26C92353-9E27-4585-867D-23C5E4D7ED24}.Release|x64.Build.0 = Release|Any CPU
		{26C92353-9E27-4585-867D-23C5E4D7ED24}.Release|x86.ActiveCfg = Release|Any CPU
		{26C92353-9E27-4585-867D-23C5E4D7ED24}.Release|x86.Build.0 = Release|Any CPU
		{C1293FCC-EB9B-4972-B260-55831C90FFD4}.Debug|Any CPU.ActiveCfg = Debug|Any CPU
		{C1293FCC-EB9B-4972-B260-55831C90FFD4}.Debug|Any CPU.Build.0 = Debug|Any CPU
		{C1293FCC-EB9B-4972-B260-55831C90FFD4}.Debug|x64.ActiveCfg = Debug|Any CPU
		{C1293FCC-EB9B-4972-B260-55831C90FFD4}.Debug|x64.Build.0 = Debug|Any CPU
		{C1293FCC-EB9B-4972-B260-55831C90FFD4}.Debug|x86.ActiveCfg = Debug|Any CPU
		{C1293FCC-EB9B-4972-B260-55831C90FFD4}.Debug|x86.Build.0 = Debug|Any CPU
		{C1293FCC-EB9B-4972-B260-55831C90FFD4}.Release|Any CPU.ActiveCfg = Release|Any CPU
		{C1293FCC-EB9B-4972-B260-55831C90FFD4}.Release|Any CPU.Build.0 = Release|Any CPU
		{C1293FCC-EB9B-4972-B260-55831C90FFD4}.Release|x64.ActiveCfg = Release|Any CPU
		{C1293FCC-EB9B-4972-B260-55831C90FFD4}.Release|x64.Build.0 = Release|Any CPU
		{C1293FCC-EB9B-4972-B260-55831C90FFD4}.Release|x86.ActiveCfg = Release|Any CPU
		{C1293FCC-EB9B-4972-B260-55831C90FFD4}.Release|x86.Build.0 = Release|Any CPU
		{AEA3FCAC-501F-4801-9713-A5C9E260BD48}.Debug|Any CPU.ActiveCfg = Debug|Any CPU
		{AEA3FCAC-501F-4801-9713-A5C9E260BD48}.Debug|Any CPU.Build.0 = Debug|Any CPU
		{AEA3FCAC-501F-4801-9713-A5C9E260BD48}.Debug|x64.ActiveCfg = Debug|Any CPU
		{AEA3FCAC-501F-4801-9713-A5C9E260BD48}.Debug|x64.Build.0 = Debug|Any CPU
		{AEA3FCAC-501F-4801-9713-A5C9E260BD48}.Debug|x86.ActiveCfg = Debug|Any CPU
		{AEA3FCAC-501F-4801-9713-A5C9E260BD48}.Debug|x86.Build.0 = Debug|Any CPU
		{AEA3FCAC-501F-4801-9713-A5C9E260BD48}.Release|Any CPU.ActiveCfg = Release|Any CPU
		{AEA3FCAC-501F-4801-9713-A5C9E260BD48}.Release|Any CPU.Build.0 = Release|Any CPU
		{AEA3FCAC-501F-4801-9713-A5C9E260BD48}.Release|x64.ActiveCfg = Release|Any CPU
		{AEA3FCAC-501F-4801-9713-A5C9E260BD48}.Release|x64.Build.0 = Release|Any CPU
		{AEA3FCAC-501F-4801-9713-A5C9E260BD48}.Release|x86.ActiveCfg = Release|Any CPU
		{AEA3FCAC-501F-4801-9713-A5C9E260BD48}.Release|x86.Build.0 = Release|Any CPU
		{18C036A7-C4E9-43D0-B3F0-2A07AD6815CE}.Debug|Any CPU.ActiveCfg = Debug|Any CPU
		{18C036A7-C4E9-43D0-B3F0-2A07AD6815CE}.Debug|Any CPU.Build.0 = Debug|Any CPU
		{18C036A7-C4E9-43D0-B3F0-2A07AD6815CE}.Debug|x64.ActiveCfg = Debug|Any CPU
		{18C036A7-C4E9-43D0-B3F0-2A07AD6815CE}.Debug|x64.Build.0 = Debug|Any CPU
		{18C036A7-C4E9-43D0-B3F0-2A07AD6815CE}.Debug|x86.ActiveCfg = Debug|Any CPU
		{18C036A7-C4E9-43D0-B3F0-2A07AD6815CE}.Debug|x86.Build.0 = Debug|Any CPU
		{18C036A7-C4E9-43D0-B3F0-2A07AD6815CE}.Release|Any CPU.ActiveCfg = Release|Any CPU
		{18C036A7-C4E9-43D0-B3F0-2A07AD6815CE}.Release|Any CPU.Build.0 = Release|Any CPU
		{18C036A7-C4E9-43D0-B3F0-2A07AD6815CE}.Release|x64.ActiveCfg = Release|Any CPU
		{18C036A7-C4E9-43D0-B3F0-2A07AD6815CE}.Release|x64.Build.0 = Release|Any CPU
		{18C036A7-C4E9-43D0-B3F0-2A07AD6815CE}.Release|x86.ActiveCfg = Release|Any CPU
		{18C036A7-C4E9-43D0-B3F0-2A07AD6815CE}.Release|x86.Build.0 = Release|Any CPU
		{11D15564-DBBD-4075-AD4C-43148587C45F}.Debug|Any CPU.ActiveCfg = Debug|Any CPU
		{11D15564-DBBD-4075-AD4C-43148587C45F}.Debug|Any CPU.Build.0 = Debug|Any CPU
		{11D15564-DBBD-4075-AD4C-43148587C45F}.Debug|x64.ActiveCfg = Debug|Any CPU
		{11D15564-DBBD-4075-AD4C-43148587C45F}.Debug|x64.Build.0 = Debug|Any CPU
		{11D15564-DBBD-4075-AD4C-43148587C45F}.Debug|x86.ActiveCfg = Debug|Any CPU
		{11D15564-DBBD-4075-AD4C-43148587C45F}.Debug|x86.Build.0 = Debug|Any CPU
		{11D15564-DBBD-4075-AD4C-43148587C45F}.Release|Any CPU.ActiveCfg = Release|Any CPU
		{11D15564-DBBD-4075-AD4C-43148587C45F}.Release|Any CPU.Build.0 = Release|Any CPU
		{11D15564-DBBD-4075-AD4C-43148587C45F}.Release|x64.ActiveCfg = Release|Any CPU
		{11D15564-DBBD-4075-AD4C-43148587C45F}.Release|x64.Build.0 = Release|Any CPU
		{11D15564-DBBD-4075-AD4C-43148587C45F}.Release|x86.ActiveCfg = Release|Any CPU
		{11D15564-DBBD-4075-AD4C-43148587C45F}.Release|x86.Build.0 = Release|Any CPU
		{608C5B74-57E1-433F-B202-29182E71709B}.Debug|Any CPU.ActiveCfg = Debug|Any CPU
		{608C5B74-57E1-433F-B202-29182E71709B}.Debug|Any CPU.Build.0 = Debug|Any CPU
		{608C5B74-57E1-433F-B202-29182E71709B}.Debug|x64.ActiveCfg = Debug|Any CPU
		{608C5B74-57E1-433F-B202-29182E71709B}.Debug|x64.Build.0 = Debug|Any CPU
		{608C5B74-57E1-433F-B202-29182E71709B}.Debug|x86.ActiveCfg = Debug|Any CPU
		{608C5B74-57E1-433F-B202-29182E71709B}.Debug|x86.Build.0 = Debug|Any CPU
		{608C5B74-57E1-433F-B202-29182E71709B}.Release|Any CPU.ActiveCfg = Release|Any CPU
		{608C5B74-57E1-433F-B202-29182E71709B}.Release|Any CPU.Build.0 = Release|Any CPU
		{608C5B74-57E1-433F-B202-29182E71709B}.Release|x64.ActiveCfg = Release|Any CPU
		{608C5B74-57E1-433F-B202-29182E71709B}.Release|x64.Build.0 = Release|Any CPU
		{608C5B74-57E1-433F-B202-29182E71709B}.Release|x86.ActiveCfg = Release|Any CPU
		{608C5B74-57E1-433F-B202-29182E71709B}.Release|x86.Build.0 = Release|Any CPU
		{D8C78456-C913-409F-9EF6-014489FB3B92}.Debug|Any CPU.ActiveCfg = Debug|Any CPU
		{D8C78456-C913-409F-9EF6-014489FB3B92}.Debug|Any CPU.Build.0 = Debug|Any CPU
		{D8C78456-C913-409F-9EF6-014489FB3B92}.Debug|x64.ActiveCfg = Debug|Any CPU
		{D8C78456-C913-409F-9EF6-014489FB3B92}.Debug|x64.Build.0 = Debug|Any CPU
		{D8C78456-C913-409F-9EF6-014489FB3B92}.Debug|x86.ActiveCfg = Debug|Any CPU
		{D8C78456-C913-409F-9EF6-014489FB3B92}.Debug|x86.Build.0 = Debug|Any CPU
		{D8C78456-C913-409F-9EF6-014489FB3B92}.Release|Any CPU.ActiveCfg = Release|Any CPU
		{D8C78456-C913-409F-9EF6-014489FB3B92}.Release|Any CPU.Build.0 = Release|Any CPU
		{D8C78456-C913-409F-9EF6-014489FB3B92}.Release|x64.ActiveCfg = Release|Any CPU
		{D8C78456-C913-409F-9EF6-014489FB3B92}.Release|x64.Build.0 = Release|Any CPU
		{D8C78456-C913-409F-9EF6-014489FB3B92}.Release|x86.ActiveCfg = Release|Any CPU
		{D8C78456-C913-409F-9EF6-014489FB3B92}.Release|x86.Build.0 = Release|Any CPU
		{BE4A66D1-A370-4359-951A-876E95819298}.Debug|Any CPU.ActiveCfg = Debug|Any CPU
		{BE4A66D1-A370-4359-951A-876E95819298}.Debug|Any CPU.Build.0 = Debug|Any CPU
		{BE4A66D1-A370-4359-951A-876E95819298}.Debug|x64.ActiveCfg = Debug|Any CPU
		{BE4A66D1-A370-4359-951A-876E95819298}.Debug|x64.Build.0 = Debug|Any CPU
		{BE4A66D1-A370-4359-951A-876E95819298}.Debug|x86.ActiveCfg = Debug|Any CPU
		{BE4A66D1-A370-4359-951A-876E95819298}.Debug|x86.Build.0 = Debug|Any CPU
		{BE4A66D1-A370-4359-951A-876E95819298}.Release|Any CPU.ActiveCfg = Release|Any CPU
		{BE4A66D1-A370-4359-951A-876E95819298}.Release|Any CPU.Build.0 = Release|Any CPU
		{BE4A66D1-A370-4359-951A-876E95819298}.Release|x64.ActiveCfg = Release|Any CPU
		{BE4A66D1-A370-4359-951A-876E95819298}.Release|x64.Build.0 = Release|Any CPU
		{BE4A66D1-A370-4359-951A-876E95819298}.Release|x86.ActiveCfg = Release|Any CPU
		{BE4A66D1-A370-4359-951A-876E95819298}.Release|x86.Build.0 = Release|Any CPU
		{C59E3D4D-3DD4-4423-A2C3-1FA08705B119}.Debug|Any CPU.ActiveCfg = Debug|Any CPU
		{C59E3D4D-3DD4-4423-A2C3-1FA08705B119}.Debug|Any CPU.Build.0 = Debug|Any CPU
		{C59E3D4D-3DD4-4423-A2C3-1FA08705B119}.Debug|x64.ActiveCfg = Debug|Any CPU
		{C59E3D4D-3DD4-4423-A2C3-1FA08705B119}.Debug|x64.Build.0 = Debug|Any CPU
		{C59E3D4D-3DD4-4423-A2C3-1FA08705B119}.Debug|x86.ActiveCfg = Debug|Any CPU
		{C59E3D4D-3DD4-4423-A2C3-1FA08705B119}.Debug|x86.Build.0 = Debug|Any CPU
		{C59E3D4D-3DD4-4423-A2C3-1FA08705B119}.Release|Any CPU.ActiveCfg = Release|Any CPU
		{C59E3D4D-3DD4-4423-A2C3-1FA08705B119}.Release|Any CPU.Build.0 = Release|Any CPU
		{C59E3D4D-3DD4-4423-A2C3-1FA08705B119}.Release|x64.ActiveCfg = Release|Any CPU
		{C59E3D4D-3DD4-4423-A2C3-1FA08705B119}.Release|x64.Build.0 = Release|Any CPU
		{C59E3D4D-3DD4-4423-A2C3-1FA08705B119}.Release|x86.ActiveCfg = Release|Any CPU
		{C59E3D4D-3DD4-4423-A2C3-1FA08705B119}.Release|x86.Build.0 = Release|Any CPU
	EndGlobalSection
	GlobalSection(SolutionProperties) = preSolution
		HideSolutionNode = FALSE
	EndGlobalSection
	GlobalSection(NestedProjects) = preSolution
		{9179E9AF-EEC4-4D64-B143-CFFF7851723F} = {7551364A-0497-496B-8BA1-168B37005858}
		{122CB960-E911-4AAE-9E1C-C16DD949DB39} = {7551364A-0497-496B-8BA1-168B37005858}
		{BA50B499-9B4C-4F8E-B781-36644D4204EF} = {7551364A-0497-496B-8BA1-168B37005858}
	EndGlobalSection
	GlobalSection(ExtensibilityGlobals) = postSolution
		SolutionGuid = {B7BE22C8-652C-4AE3-B067-DAD0AA4FB43C}
	EndGlobalSection
EndGlobal
